
Microsoft Visual Studio Solution File, Format Version 12.00
# Visual Studio 14
VisualStudioVersion = 14.0.25420.1
MinimumVisualStudioVersion = 10.0.40219.1
Project("{2150E333-8FDC-42A3-9474-1A3956D46DE8}") = "src", "src", "{70CE0230-5879-4927-8B11-7FEBC0236652}"
EndProject
Project("{2150E333-8FDC-42A3-9474-1A3956D46DE8}") = "Solution Items", "Solution Items", "{3702C7CC-61EA-4BFF-90EA-745990B03DFF}"
	ProjectSection(SolutionItems) = preProject
		global.json = global.json
	EndProjectSection
EndProject
Project("{8BB2217D-0F2D-49D1-97BC-3654ED321F3B}") = "WebApi", "src\WebApi\WebApi.xproj", "{265647ED-6337-4623-B905-6398AE8E5C41}"
EndProject
Project("{8BB2217D-0F2D-49D1-97BC-3654ED321F3B}") = "Services", "src\Services\Services.xproj", "{883F113C-5FC8-4DA6-9B9D-0F64B85B9250}"
EndProject
Global
	GlobalSection(SolutionConfigurationPlatforms) = preSolution
		Debug|Any CPU = Debug|Any CPU
		Release|Any CPU = Release|Any CPU
	EndGlobalSection
	GlobalSection(ProjectConfigurationPlatforms) = postSolution
		{265647ED-6337-4623-B905-6398AE8E5C41}.Debug|Any CPU.ActiveCfg = Debug|Any CPU
		{265647ED-6337-4623-B905-6398AE8E5C41}.Debug|Any CPU.Build.0 = Debug|Any CPU
		{265647ED-6337-4623-B905-6398AE8E5C41}.Release|Any CPU.ActiveCfg = Release|Any CPU
		{265647ED-6337-4623-B905-6398AE8E5C41}.Release|Any CPU.Build.0 = Release|Any CPU
		{883F113C-5FC8-4DA6-9B9D-0F64B85B9250}.Debug|Any CPU.ActiveCfg = Debug|Any CPU
		{883F113C-5FC8-4DA6-9B9D-0F64B85B9250}.Debug|Any CPU.Build.0 = Debug|Any CPU
		{883F113C-5FC8-4DA6-9B9D-0F64B85B9250}.Release|Any CPU.ActiveCfg = Release|Any CPU
		{883F113C-5FC8-4DA6-9B9D-0F64B85B9250}.Release|Any CPU.Build.0 = Release|Any CPU
	EndGlobalSection
	GlobalSection(SolutionProperties) = preSolution
		HideSolutionNode = FALSE
	EndGlobalSection
	GlobalSection(NestedProjects) = preSolution
		{265647ED-6337-4623-B905-6398AE8E5C41} = {70CE0230-5879-4927-8B11-7FEBC0236652}
		{883F113C-5FC8-4DA6-9B9D-0F64B85B9250} = {70CE0230-5879-4927-8B11-7FEBC0236652}
	EndGlobalSection
	GlobalSection(CodealikeProperties) = postSolution
		SolutionGuid = 8216dd67-1d46-40c5-801b-d2c283dbe99a
	EndGlobalSection
EndGlobal
